
Microsoft Visual Studio Solution File, Format Version 12.00
# Visual Studio Version 17
VisualStudioVersion = 17.9.34701.34
MinimumVisualStudioVersion = 10.0.40219.1
Project("{2150E333-8FDC-42A3-9474-1A3956D46DE8}") = "Frontends", "Frontends", "{5C13967A-A688-435E-B9DF-C1A67349CE9E}"
EndProject
Project("{2150E333-8FDC-42A3-9474-1A3956D46DE8}") = "IdentityServer", "IdentityServer", "{55556A8F-EBB8-4A9B-AB54-1DE4380EFDAE}"
EndProject
Project("{2150E333-8FDC-42A3-9474-1A3956D46DE8}") = "Services", "Services", "{BF79BC02-508F-4BBD-9136-7B254848330A}"
EndProject
Project("{2150E333-8FDC-42A3-9474-1A3956D46DE8}") = "Catalog", "Catalog", "{DBF88B9B-13AB-4D11-A02D-2D3FBF05BEA6}"
EndProject
Project("{2150E333-8FDC-42A3-9474-1A3956D46DE8}") = "Basket", "Basket", "{9938A629-EDC3-4A1D-899B-A782EB4781FA}"
EndProject
Project("{2150E333-8FDC-42A3-9474-1A3956D46DE8}") = "Order", "Order", "{50B32CCE-76EB-41B0-9E6F-A117DAB81BDD}"
EndProject
Project("{2150E333-8FDC-42A3-9474-1A3956D46DE8}") = "Payment", "Payment", "{8FB3A58A-A5EB-4915-B20E-38B6CDD2B0F5}"
EndProject
Project("{2150E333-8FDC-42A3-9474-1A3956D46DE8}") = "Discount", "Discount", "{CEDD5B71-B4E6-4345-A022-602AAE41B809}"
EndProject
Project("{2150E333-8FDC-42A3-9474-1A3956D46DE8}") = "Delivery", "Delivery", "{98F9D9F6-4BD4-4CA6-876B-09D0E15C9636}"
EndProject
Project("{9A19103F-16F7-4668-BE54-9A1E7A4F7556}") = "TakeAway.Catalog", "Services\Catalog\TakeAway.Catalog\TakeAway.Catalog.csproj", "{46E07E7A-870C-4B4C-95A3-63FF74809F4F}"
EndProject
Project("{9A19103F-16F7-4668-BE54-9A1E7A4F7556}") = "TakeAway.Discount", "Services\Discount\TakeAway.Discount\TakeAway.Discount.csproj", "{00D21828-2EB7-42A2-AC82-81E2C530A732}"
EndProject
Project("{9A19103F-16F7-4668-BE54-9A1E7A4F7556}") = "TakeAway.IdentityServer", "IdentityServer\TakeAway.IdentityServer\TakeAway.IdentityServer.csproj", "{40CB70C4-1BAC-43F0-B9F8-B192F40B5FD1}"
EndProject
Project("{2150E333-8FDC-42A3-9474-1A3956D46DE8}") = "Core", "Core", "{9B5661F4-8C44-4A91-B704-C24D8581BC9B}"
EndProject
Project("{2150E333-8FDC-42A3-9474-1A3956D46DE8}") = "Infrastructure", "Infrastructure", "{BEF8AE9A-7486-40EB-95C9-19D1606D55A4}"
EndProject
Project("{2150E333-8FDC-42A3-9474-1A3956D46DE8}") = "Presentation", "Presentation", "{0AAB0425-5389-4589-B1A6-9DFA56D391D9}"
EndProject
Project("{FAE04EC0-301F-11D3-BF4B-00C04F79EFBC}") = "TakeAway.Application", "Services\Order\Core\TakeAway.Application\TakeAway.Application.csproj", "{C031747E-B853-4229-A38F-E6554112F2CF}"
EndProject
Project("{FAE04EC0-301F-11D3-BF4B-00C04F79EFBC}") = "TakeAway.Domain", "Services\Order\Core\TakeAway.Domain\TakeAway.Domain.csproj", "{ED0BDFB4-765B-49F4-AC0F-68160FED0088}"
EndProject
Global
	GlobalSection(SolutionConfigurationPlatforms) = preSolution
		Debug|Any CPU = Debug|Any CPU
		Release|Any CPU = Release|Any CPU
	EndGlobalSection
	GlobalSection(ProjectConfigurationPlatforms) = postSolution
		{46E07E7A-870C-4B4C-95A3-63FF74809F4F}.Debug|Any CPU.ActiveCfg = Debug|Any CPU
		{46E07E7A-870C-4B4C-95A3-63FF74809F4F}.Debug|Any CPU.Build.0 = Debug|Any CPU
		{46E07E7A-870C-4B4C-95A3-63FF74809F4F}.Release|Any CPU.ActiveCfg = Release|Any CPU
		{46E07E7A-870C-4B4C-95A3-63FF74809F4F}.Release|Any CPU.Build.0 = Release|Any CPU
		{00D21828-2EB7-42A2-AC82-81E2C530A732}.Debug|Any CPU.ActiveCfg = Debug|Any CPU
		{00D21828-2EB7-42A2-AC82-81E2C530A732}.Debug|Any CPU.Build.0 = Debug|Any CPU
		{00D21828-2EB7-42A2-AC82-81E2C530A732}.Release|Any CPU.ActiveCfg = Release|Any CPU
		{00D21828-2EB7-42A2-AC82-81E2C530A732}.Release|Any CPU.Build.0 = Release|Any CPU
		{40CB70C4-1BAC-43F0-B9F8-B192F40B5FD1}.Debug|Any CPU.ActiveCfg = Debug|Any CPU
		{40CB70C4-1BAC-43F0-B9F8-B192F40B5FD1}.Debug|Any CPU.Build.0 = Debug|Any CPU
		{40CB70C4-1BAC-43F0-B9F8-B192F40B5FD1}.Release|Any CPU.ActiveCfg = Release|Any CPU
		{40CB70C4-1BAC-43F0-B9F8-B192F40B5FD1}.Release|Any CPU.Build.0 = Release|Any CPU
		{C031747E-B853-4229-A38F-E6554112F2CF}.Debug|Any CPU.ActiveCfg = Debug|Any CPU
		{C031747E-B853-4229-A38F-E6554112F2CF}.Debug|Any CPU.Build.0 = Debug|Any CPU
		{C031747E-B853-4229-A38F-E6554112F2CF}.Release|Any CPU.ActiveCfg = Release|Any CPU
		{C031747E-B853-4229-A38F-E6554112F2CF}.Release|Any CPU.Build.0 = Release|Any CPU
		{ED0BDFB4-765B-49F4-AC0F-68160FED0088}.Debug|Any CPU.ActiveCfg = Debug|Any CPU
		{ED0BDFB4-765B-49F4-AC0F-68160FED0088}.Debug|Any CPU.Build.0 = Debug|Any CPU
		{ED0BDFB4-765B-49F4-AC0F-68160FED0088}.Release|Any CPU.ActiveCfg = Release|Any CPU
		{ED0BDFB4-765B-49F4-AC0F-68160FED0088}.Release|Any CPU.Build.0 = Release|Any CPU
	EndGlobalSection
	GlobalSection(SolutionProperties) = preSolution
		HideSolutionNode = FALSE
	EndGlobalSection
	GlobalSection(NestedProjects) = preSolution
		{DBF88B9B-13AB-4D11-A02D-2D3FBF05BEA6} = {BF79BC02-508F-4BBD-9136-7B254848330A}
		{9938A629-EDC3-4A1D-899B-A782EB4781FA} = {BF79BC02-508F-4BBD-9136-7B254848330A}
		{50B32CCE-76EB-41B0-9E6F-A117DAB81BDD} = {BF79BC02-508F-4BBD-9136-7B254848330A}
		{8FB3A58A-A5EB-4915-B20E-38B6CDD2B0F5} = {BF79BC02-508F-4BBD-9136-7B254848330A}
		{CEDD5B71-B4E6-4345-A022-602AAE41B809} = {BF79BC02-508F-4BBD-9136-7B254848330A}
		{98F9D9F6-4BD4-4CA6-876B-09D0E15C9636} = {BF79BC02-508F-4BBD-9136-7B254848330A}
		{46E07E7A-870C-4B4C-95A3-63FF74809F4F} = {DBF88B9B-13AB-4D11-A02D-2D3FBF05BEA6}
		{00D21828-2EB7-42A2-AC82-81E2C530A732} = {CEDD5B71-B4E6-4345-A022-602AAE41B809}
		{40CB70C4-1BAC-43F0-B9F8-B192F40B5FD1} = {55556A8F-EBB8-4A9B-AB54-1DE4380EFDAE}
		{9B5661F4-8C44-4A91-B704-C24D8581BC9B} = {50B32CCE-76EB-41B0-9E6F-A117DAB81BDD}
		{BEF8AE9A-7486-40EB-95C9-19D1606D55A4} = {50B32CCE-76EB-41B0-9E6F-A117DAB81BDD}
		{0AAB0425-5389-4589-B1A6-9DFA56D391D9} = {50B32CCE-76EB-41B0-9E6F-A117DAB81BDD}
		{C031747E-B853-4229-A38F-E6554112F2CF} = {9B5661F4-8C44-4A91-B704-C24D8581BC9B}
		{ED0BDFB4-765B-49F4-AC0F-68160FED0088} = {9B5661F4-8C44-4A91-B704-C24D8581BC9B}
	EndGlobalSection
	GlobalSection(ExtensibilityGlobals) = postSolution
		SolutionGuid = {87BACB84-90FA-4782-828B-B70E96BC3510}
	EndGlobalSection
EndGlobal
